// !$*UTF8*$!
{
	archiveVersion = 1;
	classes = {
	};
	objectVersion = 56;
	objects = {

/* Begin PBXBuildFile section */
		B4327A4E2A9B63AA00555A2F /* TrackerTypeViewController.swift in Sources */ = {isa = PBXBuildFile; fileRef = B4327A472A9B63A900555A2F /* TrackerTypeViewController.swift */; };
		B4327A4F2A9B63AA00555A2F /* TrackerScheduleViewController.swift in Sources */ = {isa = PBXBuildFile; fileRef = B4327A482A9B63A900555A2F /* TrackerScheduleViewController.swift */; };
		B4327A502A9B63AA00555A2F /* TrackerCreationViewController.swift in Sources */ = {isa = PBXBuildFile; fileRef = B4327A492A9B63AA00555A2F /* TrackerCreationViewController.swift */; };
		B4327A512A9B63AA00555A2F /* TrackerCell.swift in Sources */ = {isa = PBXBuildFile; fileRef = B4327A4A2A9B63AA00555A2F /* TrackerCell.swift */; };
		B4327A522A9B63AA00555A2F /* StatisticsViewController.swift in Sources */ = {isa = PBXBuildFile; fileRef = B4327A4B2A9B63AA00555A2F /* StatisticsViewController.swift */; };
		B4327A532A9B63AA00555A2F /* TabBarViewController.swift in Sources */ = {isa = PBXBuildFile; fileRef = B4327A4C2A9B63AA00555A2F /* TabBarViewController.swift */; };
		B4327A542A9B63AA00555A2F /* TrackersViewController.swift in Sources */ = {isa = PBXBuildFile; fileRef = B4327A4D2A9B63AA00555A2F /* TrackersViewController.swift */; };
		B4327A562A9B63BB00555A2F /* LaunchScreen.storyboard in Resources */ = {isa = PBXBuildFile; fileRef = B4327A552A9B63BB00555A2F /* LaunchScreen.storyboard */; };
		B4327A592A9B63D700555A2F /* Colors.swift in Sources */ = {isa = PBXBuildFile; fileRef = B4327A572A9B63D700555A2F /* Colors.swift */; };
		B4327A5A2A9B63D700555A2F /* Date+Extensions.swift in Sources */ = {isa = PBXBuildFile; fileRef = B4327A582A9B63D700555A2F /* Date+Extensions.swift */; };
		B4327A5C2A9B654700555A2F /* SceneDelegate.swift in Sources */ = {isa = PBXBuildFile; fileRef = B4327A5B2A9B654700555A2F /* SceneDelegate.swift */; };
		B4944FEB2A0020D9000A648E /* AppDelegate.swift in Sources */ = {isa = PBXBuildFile; fileRef = B4944FEA2A0020D9000A648E /* AppDelegate.swift */; };
		B4944FEF2A0020D9000A648E /* ViewController.swift in Sources */ = {isa = PBXBuildFile; fileRef = B4944FEE2A0020D9000A648E /* ViewController.swift */; };
		B4944FF22A0020D9000A648E /* Main.storyboard in Resources */ = {isa = PBXBuildFile; fileRef = B4944FF02A0020D9000A648E /* Main.storyboard */; };
		B4944FF42A0020D9000A648E /* Assets.xcassets in Resources */ = {isa = PBXBuildFile; fileRef = B4944FF32A0020D9000A648E /* Assets.xcassets */; };
/* End PBXBuildFile section */

/* Begin PBXFileReference section */
		B4327A472A9B63A900555A2F /* TrackerTypeViewController.swift */ = {isa = PBXFileReference; fileEncoding = 4; lastKnownFileType = sourcecode.swift; path = TrackerTypeViewController.swift; sourceTree = "<group>"; };
		B4327A482A9B63A900555A2F /* TrackerScheduleViewController.swift */ = {isa = PBXFileReference; fileEncoding = 4; lastKnownFileType = sourcecode.swift; path = TrackerScheduleViewController.swift; sourceTree = "<group>"; };
		B4327A492A9B63AA00555A2F /* TrackerCreationViewController.swift */ = {isa = PBXFileReference; fileEncoding = 4; lastKnownFileType = sourcecode.swift; path = TrackerCreationViewController.swift; sourceTree = "<group>"; };
		B4327A4A2A9B63AA00555A2F /* TrackerCell.swift */ = {isa = PBXFileReference; fileEncoding = 4; lastKnownFileType = sourcecode.swift; path = TrackerCell.swift; sourceTree = "<group>"; };
		B4327A4B2A9B63AA00555A2F /* StatisticsViewController.swift */ = {isa = PBXFileReference; fileEncoding = 4; lastKnownFileType = sourcecode.swift; path = StatisticsViewController.swift; sourceTree = "<group>"; };
		B4327A4C2A9B63AA00555A2F /* TabBarViewController.swift */ = {isa = PBXFileReference; fileEncoding = 4; lastKnownFileType = sourcecode.swift; path = TabBarViewController.swift; sourceTree = "<group>"; };
		B4327A4D2A9B63AA00555A2F /* TrackersViewController.swift */ = {isa = PBXFileReference; fileEncoding = 4; lastKnownFileType = sourcecode.swift; path = TrackersViewController.swift; sourceTree = "<group>"; };
		B4327A552A9B63BB00555A2F /* LaunchScreen.storyboard */ = {isa = PBXFileReference; fileEncoding = 4; lastKnownFileType = file.storyboard; path = LaunchScreen.storyboard; sourceTree = "<group>"; };
		B4327A572A9B63D700555A2F /* Colors.swift */ = {isa = PBXFileReference; fileEncoding = 4; lastKnownFileType = sourcecode.swift; path = Colors.swift; sourceTree = "<group>"; };
		B4327A582A9B63D700555A2F /* Date+Extensions.swift */ = {isa = PBXFileReference; fileEncoding = 4; lastKnownFileType = sourcecode.swift; path = "Date+Extensions.swift"; sourceTree = "<group>"; };
		B4327A5B2A9B654700555A2F /* SceneDelegate.swift */ = {isa = PBXFileReference; fileEncoding = 4; lastKnownFileType = sourcecode.swift; name = SceneDelegate.swift; path = "../../../Desktop/Проекты/Tracker/Tracker/SceneDelegate.swift"; sourceTree = "<group>"; };
		B4944FE72A0020D9000A648E /* Tracker.app */ = {isa = PBXFileReference; explicitFileType = wrapper.application; includeInIndex = 0; path = Tracker.app; sourceTree = BUILT_PRODUCTS_DIR; };
		B4944FEA2A0020D9000A648E /* AppDelegate.swift */ = {isa = PBXFileReference; lastKnownFileType = sourcecode.swift; path = AppDelegate.swift; sourceTree = "<group>"; };
		B4944FEE2A0020D9000A648E /* ViewController.swift */ = {isa = PBXFileReference; lastKnownFileType = sourcecode.swift; path = ViewController.swift; sourceTree = "<group>"; };
		B4944FF12A0020D9000A648E /* Base */ = {isa = PBXFileReference; lastKnownFileType = file.storyboard; name = Base; path = Base.lproj/Main.storyboard; sourceTree = "<group>"; };
		B4944FF32A0020D9000A648E /* Assets.xcassets */ = {isa = PBXFileReference; lastKnownFileType = folder.assetcatalog; path = Assets.xcassets; sourceTree = "<group>"; };
		B4944FF82A0020D9000A648E /* Info.plist */ = {isa = PBXFileReference; lastKnownFileType = text.plist.xml; path = Info.plist; sourceTree = "<group>"; };
/* End PBXFileReference section */

/* Begin PBXFrameworksBuildPhase section */
		B4944FE42A0020D9000A648E /* Frameworks */ = {
			isa = PBXFrameworksBuildPhase;
			buildActionMask = 2147483647;
			files = (
			);
			runOnlyForDeploymentPostprocessing = 0;
		};
/* End PBXFrameworksBuildPhase section */

/* Begin PBXGroup section */
		B4944FDE2A0020D9000A648E = {
			isa = PBXGroup;
			children = (
				B4944FE92A0020D9000A648E /* Tracker */,
				B4944FE82A0020D9000A648E /* Products */,
			);
			sourceTree = "<group>";
		};
		B4944FE82A0020D9000A648E /* Products */ = {
			isa = PBXGroup;
			children = (
				B4944FE72A0020D9000A648E /* Tracker.app */,
			);
			name = Products;
			sourceTree = "<group>";
		};
		B4944FE92A0020D9000A648E /* Tracker */ = {
			isa = PBXGroup;
			children = (
				B4944FEA2A0020D9000A648E /* AppDelegate.swift */,
				B4327A5B2A9B654700555A2F /* SceneDelegate.swift */,
				B4944FEE2A0020D9000A648E /* ViewController.swift */,
				B4327A4B2A9B63AA00555A2F /* StatisticsViewController.swift */,
				B4327A4C2A9B63AA00555A2F /* TabBarViewController.swift */,
				B4327A4A2A9B63AA00555A2F /* TrackerCell.swift */,
				B4327A492A9B63AA00555A2F /* TrackerCreationViewController.swift */,
				B4327A482A9B63A900555A2F /* TrackerScheduleViewController.swift */,
				B4327A4D2A9B63AA00555A2F /* TrackersViewController.swift */,
				B4327A472A9B63A900555A2F /* TrackerTypeViewController.swift */,
				B4327A552A9B63BB00555A2F /* LaunchScreen.storyboard */,
				B4944FF02A0020D9000A648E /* Main.storyboard */,
				B4944FF32A0020D9000A648E /* Assets.xcassets */,
				B4944FF82A0020D9000A648E /* Info.plist */,
				B4327A572A9B63D700555A2F /* Colors.swift */,
				B4327A582A9B63D700555A2F /* Date+Extensions.swift */,
			);
			path = Tracker;
			sourceTree = "<group>";
		};
/* End PBXGroup section */

/* Begin PBXNativeTarget section */
		B4944FE62A0020D9000A648E /* Tracker */ = {
			isa = PBXNativeTarget;
			buildConfigurationList = B4944FFB2A0020D9000A648E /* Build configuration list for PBXNativeTarget "Tracker" */;
			buildPhases = (
				B4944FE32A0020D9000A648E /* Sources */,
				B4944FE42A0020D9000A648E /* Frameworks */,
				B4944FE52A0020D9000A648E /* Resources */,
			);
			buildRules = (
			);
			dependencies = (
			);
			name = Tracker;
			productName = Tracker;
			productReference = B4944FE72A0020D9000A648E /* Tracker.app */;
			productType = "com.apple.product-type.application";
		};
/* End PBXNativeTarget section */

/* Begin PBXProject section */
		B4944FDF2A0020D9000A648E /* Project object */ = {
			isa = PBXProject;
			attributes = {
				BuildIndependentTargetsInParallel = 1;
				LastSwiftUpdateCheck = 1420;
				LastUpgradeCheck = 1420;
				TargetAttributes = {
					B4944FE62A0020D9000A648E = {
						CreatedOnToolsVersion = 14.2;
					};
				};
			};
			buildConfigurationList = B4944FE22A0020D9000A648E /* Build configuration list for PBXProject "Tracker" */;
			compatibilityVersion = "Xcode 14.0";
			developmentRegion = en;
			hasScannedForEncodings = 0;
			knownRegions = (
				en,
				Base,
			);
			mainGroup = B4944FDE2A0020D9000A648E;
			productRefGroup = B4944FE82A0020D9000A648E /* Products */;
			projectDirPath = "";
			projectRoot = "";
			targets = (
				B4944FE62A0020D9000A648E /* Tracker */,
			);
		};
/* End PBXProject section */

/* Begin PBXResourcesBuildPhase section */
		B4944FE52A0020D9000A648E /* Resources */ = {
			isa = PBXResourcesBuildPhase;
			buildActionMask = 2147483647;
			files = (
				B4327A562A9B63BB00555A2F /* LaunchScreen.storyboard in Resources */,
				B4944FF42A0020D9000A648E /* Assets.xcassets in Resources */,
				B4944FF22A0020D9000A648E /* Main.storyboard in Resources */,
			);
			runOnlyForDeploymentPostprocessing = 0;
		};
/* End PBXResourcesBuildPhase section */

/* Begin PBXSourcesBuildPhase section */
		B4944FE32A0020D9000A648E /* Sources */ = {
			isa = PBXSourcesBuildPhase;
			buildActionMask = 2147483647;
			files = (
				B4944FEF2A0020D9000A648E /* ViewController.swift in Sources */,
				B4327A592A9B63D700555A2F /* Colors.swift in Sources */,
				B4944FEB2A0020D9000A648E /* AppDelegate.swift in Sources */,
				B4327A522A9B63AA00555A2F /* StatisticsViewController.swift in Sources */,
				B4327A5A2A9B63D700555A2F /* Date+Extensions.swift in Sources */,
				B4327A532A9B63AA00555A2F /* TabBarViewController.swift in Sources */,
				B4327A512A9B63AA00555A2F /* TrackerCell.swift in Sources */,
				B4327A4F2A9B63AA00555A2F /* TrackerScheduleViewController.swift in Sources */,
				B4327A542A9B63AA00555A2F /* TrackersViewController.swift in Sources */,
				B4327A502A9B63AA00555A2F /* TrackerCreationViewController.swift in Sources */,
				B4327A4E2A9B63AA00555A2F /* TrackerTypeViewController.swift in Sources */,
				B4327A5C2A9B654700555A2F /* SceneDelegate.swift in Sources */,
			);
			runOnlyForDeploymentPostprocessing = 0;
		};
/* End PBXSourcesBuildPhase section */

/* Begin PBXVariantGroup section */
		B4944FF02A0020D9000A648E /* Main.storyboard */ = {
			isa = PBXVariantGroup;
			children = (
				B4944FF12A0020D9000A648E /* Base */,
			);
			name = Main.storyboard;
			sourceTree = "<group>";
		};
/* End PBXVariantGroup section */

/* Begin XCBuildConfiguration section */
		B4944FF92A0020D9000A648E /* Debug */ = {
			isa = XCBuildConfiguration;
			buildSettings = {
				ALWAYS_SEARCH_USER_PATHS = NO;
				CLANG_ANALYZER_NONNULL = YES;
				CLANG_ANALYZER_NUMBER_OBJECT_CONVERSION = YES_AGGRESSIVE;
				CLANG_CXX_LANGUAGE_STANDARD = "gnu++20";
				CLANG_ENABLE_MODULES = YES;
				CLANG_ENABLE_OBJC_ARC = YES;
				CLANG_ENABLE_OBJC_WEAK = YES;
				CLANG_WARN_BLOCK_CAPTURE_AUTORELEASING = YES;
				CLANG_WARN_BOOL_CONVERSION = YES;
				CLANG_WARN_COMMA = YES;
				CLANG_WARN_CONSTANT_CONVERSION = YES;
				CLANG_WARN_DEPRECATED_OBJC_IMPLEMENTATIONS = YES;
				CLANG_WARN_DIRECT_OBJC_ISA_USAGE = YES_ERROR;
				CLANG_WARN_DOCUMENTATION_COMMENTS = YES;
				CLANG_WARN_EMPTY_BODY = YES;
				CLANG_WARN_ENUM_CONVERSION = YES;
				CLANG_WARN_INFINITE_RECURSION = YES;
				CLANG_WARN_INT_CONVERSION = YES;
				CLANG_WARN_NON_LITERAL_NULL_CONVERSION = YES;
				CLANG_WARN_OBJC_IMPLICIT_RETAIN_SELF = YES;
				CLANG_WARN_OBJC_LITERAL_CONVERSION = YES;
				CLANG_WARN_OBJC_ROOT_CLASS = YES_ERROR;
				CLANG_WARN_QUOTED_INCLUDE_IN_FRAMEWORK_HEADER = YES;
				CLANG_WARN_RANGE_LOOP_ANALYSIS = YES;
				CLANG_WARN_STRICT_PROTOTYPES = YES;
				CLANG_WARN_SUSPICIOUS_MOVE = YES;
				CLANG_WARN_UNGUARDED_AVAILABILITY = YES_AGGRESSIVE;
				CLANG_WARN_UNREACHABLE_CODE = YES;
				CLANG_WARN__DUPLICATE_METHOD_MATCH = YES;
				COPY_PHASE_STRIP = NO;
				DEBUG_INFORMATION_FORMAT = dwarf;
				ENABLE_STRICT_OBJC_MSGSEND = YES;
				ENABLE_TESTABILITY = YES;
				GCC_C_LANGUAGE_STANDARD = gnu11;
				GCC_DYNAMIC_NO_PIC = NO;
				GCC_NO_COMMON_BLOCKS = YES;
				GCC_OPTIMIZATION_LEVEL = 0;
				GCC_PREPROCESSOR_DEFINITIONS = (
					"DEBUG=1",
					"$(inherited)",
				);
				GCC_WARN_64_TO_32_BIT_CONVERSION = YES;
				GCC_WARN_ABOUT_RETURN_TYPE = YES_ERROR;
				GCC_WARN_UNDECLARED_SELECTOR = YES;
				GCC_WARN_UNINITIALIZED_AUTOS = YES_AGGRESSIVE;
				GCC_WARN_UNUSED_FUNCTION = YES;
				GCC_WARN_UNUSED_VARIABLE = YES;
				IPHONEOS_DEPLOYMENT_TARGET = 13.4;
				MTL_ENABLE_DEBUG_INFO = INCLUDE_SOURCE;
				MTL_FAST_MATH = YES;
				ONLY_ACTIVE_ARCH = YES;
				SDKROOT = iphoneos;
				SWIFT_ACTIVE_COMPILATION_CONDITIONS = DEBUG;
				SWIFT_OPTIMIZATION_LEVEL = "-Onone";
			};
			name = Debug;
		};
		B4944FFA2A0020D9000A648E /* Release */ = {
			isa = XCBuildConfiguration;
			buildSettings = {
				ALWAYS_SEARCH_USER_PATHS = NO;
				CLANG_ANALYZER_NONNULL = YES;
				CLANG_ANALYZER_NUMBER_OBJECT_CONVERSION = YES_AGGRESSIVE;
				CLANG_CXX_LANGUAGE_STANDARD = "gnu++20";
				CLANG_ENABLE_MODULES = YES;
				CLANG_ENABLE_OBJC_ARC = YES;
				CLANG_ENABLE_OBJC_WEAK = YES;
				CLANG_WARN_BLOCK_CAPTURE_AUTORELEASING = YES;
				CLANG_WARN_BOOL_CONVERSION = YES;
				CLANG_WARN_COMMA = YES;
				CLANG_WARN_CONSTANT_CONVERSION = YES;
				CLANG_WARN_DEPRECATED_OBJC_IMPLEMENTATIONS = YES;
				CLANG_WARN_DIRECT_OBJC_ISA_USAGE = YES_ERROR;
				CLANG_WARN_DOCUMENTATION_COMMENTS = YES;
				CLANG_WARN_EMPTY_BODY = YES;
				CLANG_WARN_ENUM_CONVERSION = YES;
				CLANG_WARN_INFINITE_RECURSION = YES;
				CLANG_WARN_INT_CONVERSION = YES;
				CLANG_WARN_NON_LITERAL_NULL_CONVERSION = YES;
				CLANG_WARN_OBJC_IMPLICIT_RETAIN_SELF = YES;
				CLANG_WARN_OBJC_LITERAL_CONVERSION = YES;
				CLANG_WARN_OBJC_ROOT_CLASS = YES_ERROR;
				CLANG_WARN_QUOTED_INCLUDE_IN_FRAMEWORK_HEADER = YES;
				CLANG_WARN_RANGE_LOOP_ANALYSIS = YES;
				CLANG_WARN_STRICT_PROTOTYPES = YES;
				CLANG_WARN_SUSPICIOUS_MOVE = YES;
				CLANG_WARN_UNGUARDED_AVAILABILITY = YES_AGGRESSIVE;
				CLANG_WARN_UNREACHABLE_CODE = YES;
				CLANG_WARN__DUPLICATE_METHOD_MATCH = YES;
				COPY_PHASE_STRIP = NO;
				DEBUG_INFORMATION_FORMAT = "dwarf-with-dsym";
				ENABLE_NS_ASSERTIONS = NO;
				ENABLE_STRICT_OBJC_MSGSEND = YES;
				GCC_C_LANGUAGE_STANDARD = gnu11;
				GCC_NO_COMMON_BLOCKS = YES;
				GCC_WARN_64_TO_32_BIT_CONVERSION = YES;
				GCC_WARN_ABOUT_RETURN_TYPE = YES_ERROR;
				GCC_WARN_UNDECLARED_SELECTOR = YES;
				GCC_WARN_UNINITIALIZED_AUTOS = YES_AGGRESSIVE;
				GCC_WARN_UNUSED_FUNCTION = YES;
				GCC_WARN_UNUSED_VARIABLE = YES;
				IPHONEOS_DEPLOYMENT_TARGET = 13.4;
				MTL_ENABLE_DEBUG_INFO = NO;
				MTL_FAST_MATH = YES;
				SDKROOT = iphoneos;
				SWIFT_COMPILATION_MODE = wholemodule;
				SWIFT_OPTIMIZATION_LEVEL = "-O";
				VALIDATE_PRODUCT = YES;
			};
			name = Release;
		};
		B4944FFC2A0020D9000A648E /* Debug */ = {
			isa = XCBuildConfiguration;
			buildSettings = {
				ASSETCATALOG_COMPILER_APPICON_NAME = AppIcon;
				ASSETCATALOG_COMPILER_GLOBAL_ACCENT_COLOR_NAME = AccentColor;
				CODE_SIGN_STYLE = Automatic;
				CURRENT_PROJECT_VERSION = 1;
				DEVELOPMENT_TEAM = 8NG4R6TNYK;
				GENERATE_INFOPLIST_FILE = YES;
				INFOPLIST_FILE = Tracker/Info.plist;
				INFOPLIST_KEY_UIApplicationSupportsIndirectInputEvents = YES;
				INFOPLIST_KEY_UILaunchStoryboardName = LaunchScreen;
				INFOPLIST_KEY_UIMainStoryboardFile = Main;
				INFOPLIST_KEY_UISupportedInterfaceOrientations_iPad = "UIInterfaceOrientationPortrait UIInterfaceOrientationPortraitUpsideDown UIInterfaceOrientationLandscapeLeft UIInterfaceOrientationLandscapeRight";
				INFOPLIST_KEY_UISupportedInterfaceOrientations_iPhone = "UIInterfaceOrientationPortrait UIInterfaceOrientationLandscapeLeft UIInterfaceOrientationLandscapeRight";
				LD_RUNPATH_SEARCH_PATHS = (
					"$(inherited)",
					"@executable_path/Frameworks",
				);
				MARKETING_VERSION = 1.0;
				PRODUCT_BUNDLE_IDENTIFIER = "ru.praktikum.Image-Feed.Tracker";
				PRODUCT_NAME = "$(TARGET_NAME)";
				SWIFT_EMIT_LOC_STRINGS = YES;
				SWIFT_VERSION = 5.0;
				TARGETED_DEVICE_FAMILY = "1,2";
			};
			name = Debug;
		};
		B4944FFD2A0020D9000A648E /* Release */ = {
			isa = XCBuildConfiguration;
			buildSettings = {
				ASSETCATALOG_COMPILER_APPICON_NAME = AppIcon;
				ASSETCATALOG_COMPILER_GLOBAL_ACCENT_COLOR_NAME = AccentColor;
				CODE_SIGN_STYLE = Automatic;
				CURRENT_PROJECT_VERSION = 1;
				DEVELOPMENT_TEAM = 8NG4R6TNYK;
				GENERATE_INFOPLIST_FILE = YES;
				INFOPLIST_FILE = Tracker/Info.plist;
				INFOPLIST_KEY_UIApplicationSupportsIndirectInputEvents = YES;
				INFOPLIST_KEY_UILaunchStoryboardName = LaunchScreen;
				INFOPLIST_KEY_UIMainStoryboardFile = Main;
				INFOPLIST_KEY_UISupportedInterfaceOrientations_iPad = "UIInterfaceOrientationPortrait UIInterfaceOrientationPortraitUpsideDown UIInterfaceOrientationLandscapeLeft UIInterfaceOrientationLandscapeRight";
				INFOPLIST_KEY_UISupportedInterfaceOrientations_iPhone = "UIInterfaceOrientationPortrait UIInterfaceOrientationLandscapeLeft UIInterfaceOrientationLandscapeRight";
				LD_RUNPATH_SEARCH_PATHS = (
					"$(inherited)",
					"@executable_path/Frameworks",
				);
				MARKETING_VERSION = 1.0;
				PRODUCT_BUNDLE_IDENTIFIER = "ru.praktikum.Image-Feed.Tracker";
				PRODUCT_NAME = "$(TARGET_NAME)";
				SWIFT_EMIT_LOC_STRINGS = YES;
				SWIFT_VERSION = 5.0;
				TARGETED_DEVICE_FAMILY = "1,2";
			};
			name = Release;
		};
/* End XCBuildConfiguration section */

/* Begin XCConfigurationList section */
		B4944FE22A0020D9000A648E /* Build configuration list for PBXProject "Tracker" */ = {
			isa = XCConfigurationList;
			buildConfigurations = (
				B4944FF92A0020D9000A648E /* Debug */,
				B4944FFA2A0020D9000A648E /* Release */,
			);
			defaultConfigurationIsVisible = 0;
			defaultConfigurationName = Release;
		};
		B4944FFB2A0020D9000A648E /* Build configuration list for PBXNativeTarget "Tracker" */ = {
			isa = XCConfigurationList;
			buildConfigurations = (
				B4944FFC2A0020D9000A648E /* Debug */,
				B4944FFD2A0020D9000A648E /* Release */,
			);
			defaultConfigurationIsVisible = 0;
			defaultConfigurationName = Release;
		};
/* End XCConfigurationList section */
	};
	rootObject = B4944FDF2A0020D9000A648E /* Project object */;
}
