// !$*UTF8*$!
{
	archiveVersion = 1;
	classes = {
	};
	objectVersion = 56;
	objects = {

/* Begin PBXBuildFile section */
		B4327A4E2A9B63AA00555A2F /* TrackerTypeViewController.swift in Sources */ = {isa = PBXBuildFile; fileRef = B4327A472A9B63A900555A2F /* TrackerTypeViewController.swift */; };
		B4327A4F2A9B63AA00555A2F /* TrackerScheduleViewController.swift in Sources */ = {isa = PBXBuildFile; fileRef = B4327A482A9B63A900555A2F /* TrackerScheduleViewController.swift */; };
		B4327A502A9B63AA00555A2F /* TrackerCreationViewController.swift in Sources */ = {isa = PBXBuildFile; fileRef = B4327A492A9B63AA00555A2F /* TrackerCreationViewController.swift */; };
		B4327A512A9B63AA00555A2F /* TrackerCell.swift in Sources */ = {isa = PBXBuildFile; fileRef = B4327A4A2A9B63AA00555A2F /* TrackerCell.swift */; };
		B4327A522A9B63AA00555A2F /* StatisticsViewController.swift in Sources */ = {isa = PBXBuildFile; fileRef = B4327A4B2A9B63AA00555A2F /* StatisticsViewController.swift */; };
		B4327A542A9B63AA00555A2F /* TrackersViewController.swift in Sources */ = {isa = PBXBuildFile; fileRef = B4327A4D2A9B63AA00555A2F /* TrackersViewController.swift */; };
		B4327A562A9B63BB00555A2F /* LaunchScreen.storyboard in Resources */ = {isa = PBXBuildFile; fileRef = B4327A552A9B63BB00555A2F /* LaunchScreen.storyboard */; };
		B4327A592A9B63D700555A2F /* Colors.swift in Sources */ = {isa = PBXBuildFile; fileRef = B4327A572A9B63D700555A2F /* Colors.swift */; };
		B4327A5A2A9B63D700555A2F /* Date+Extensions.swift in Sources */ = {isa = PBXBuildFile; fileRef = B4327A582A9B63D700555A2F /* Date+Extensions.swift */; };
		B44744F22ABDAA7C00565408 /* OnboardingViewController.swift in Sources */ = {isa = PBXBuildFile; fileRef = B44744F12ABDAA7C00565408 /* OnboardingViewController.swift */; };
		B44744F72ABDB42F00565408 /* ContentViewController.swift in Sources */ = {isa = PBXBuildFile; fileRef = B44744F62ABDB42F00565408 /* ContentViewController.swift */; };
		B44744F92AC070BE00565408 /* CategoryListViewController.swift in Sources */ = {isa = PBXBuildFile; fileRef = B44744F82AC070BE00565408 /* CategoryListViewController.swift */; };
		B44744FB2AC070DF00565408 /* NewCategoryViewController.swift in Sources */ = {isa = PBXBuildFile; fileRef = B44744FA2AC070DF00565408 /* NewCategoryViewController.swift */; };
		B44745032AC0726800565408 /* CategoryListViewModel.swift in Sources */ = {isa = PBXBuildFile; fileRef = B44745022AC0726800565408 /* CategoryListViewModel.swift */; };
		B44745052AC0727D00565408 /* NewCategoryListViewModel.swift in Sources */ = {isa = PBXBuildFile; fileRef = B44745042AC0727D00565408 /* NewCategoryListViewModel.swift */; };
		B4557B552AC36A3200C0D7D8 /* CoreDataManager.swift in Sources */ = {isa = PBXBuildFile; fileRef = B4557B542AC36A3200C0D7D8 /* CoreDataManager.swift */; };
		B455A7A42AAB6375005F5347 /* Tracker.swift in Sources */ = {isa = PBXBuildFile; fileRef = B455A7A32AAB6375005F5347 /* Tracker.swift */; };
		B45E29832AA09F3200156524 /* ItemsCollectionView.swift in Sources */ = {isa = PBXBuildFile; fileRef = B45E29822AA09F3200156524 /* ItemsCollectionView.swift */; };
		B45E29872AA0AA6900156524 /* EmojiCell.swift in Sources */ = {isa = PBXBuildFile; fileRef = B45E29862AA0AA6900156524 /* EmojiCell.swift */; };
		B45E298B2AA0B91C00156524 /* ColorsCell.swift in Sources */ = {isa = PBXBuildFile; fileRef = B45E298A2AA0B91C00156524 /* ColorsCell.swift */; };
		B46EC4582AB37A0D00533442 /* WeekDay .swift in Sources */ = {isa = PBXBuildFile; fileRef = B46EC4572AB37A0D00533442 /* WeekDay .swift */; };
		B46EC45D2AB45FAF00533442 /* TrackerCoreData.xcdatamodeld in Sources */ = {isa = PBXBuildFile; fileRef = B46EC45B2AB45FAF00533442 /* TrackerCoreData.xcdatamodeld */; };
		B47A23D92AB59B9D00DF6388 /* Array + Extensions.swift in Sources */ = {isa = PBXBuildFile; fileRef = B47A23D82AB59B9D00DF6388 /* Array + Extensions.swift */; };
		B4944FEB2A0020D9000A648E /* AppDelegate.swift in Sources */ = {isa = PBXBuildFile; fileRef = B4944FEA2A0020D9000A648E /* AppDelegate.swift */; };
		B4944FF22A0020D9000A648E /* Main.storyboard in Resources */ = {isa = PBXBuildFile; fileRef = B4944FF02A0020D9000A648E /* Main.storyboard */; };
		B4944FF42A0020D9000A648E /* Assets.xcassets in Resources */ = {isa = PBXBuildFile; fileRef = B4944FF32A0020D9000A648E /* Assets.xcassets */; };
		B4B945852AB304AC00D1BE4A /* String + Extensions.swift in Sources */ = {isa = PBXBuildFile; fileRef = B4B945842AB304AC00D1BE4A /* String + Extensions.swift */; };
		B4D992D32AB1B75F00B6CE57 /* UIColorMarshalling.swift in Sources */ = {isa = PBXBuildFile; fileRef = B4D992D22AB1B75F00B6CE57 /* UIColorMarshalling.swift */; };
		B4D992D82AB1D82F00B6CE57 /* TrackerCategory.swift in Sources */ = {isa = PBXBuildFile; fileRef = B4D992D72AB1D82F00B6CE57 /* TrackerCategory.swift */; };
		B4D992DA2AB1D87000B6CE57 /* TrackerRecord.swift in Sources */ = {isa = PBXBuildFile; fileRef = B4D992D92AB1D87000B6CE57 /* TrackerRecord.swift */; };
		B4DF7F6C2AA7173D001F9D9E /* TrackerStore.swift in Sources */ = {isa = PBXBuildFile; fileRef = B4DF7F6B2AA7173D001F9D9E /* TrackerStore.swift */; };
		B4DF7F6E2AA71783001F9D9E /* TrackerCategoryStore.swift in Sources */ = {isa = PBXBuildFile; fileRef = B4DF7F6D2AA71783001F9D9E /* TrackerCategoryStore.swift */; };
		B4DF7F702AA717BE001F9D9E /* TrackerRecordStore.swift in Sources */ = {isa = PBXBuildFile; fileRef = B4DF7F6F2AA717BE001F9D9E /* TrackerRecordStore.swift */; };
		B4E77E4C2A9D068300C0D35F /* TabBarViewController .swift in Sources */ = {isa = PBXBuildFile; fileRef = B4E77E4B2A9D068300C0D35F /* TabBarViewController .swift */; };
		B4E77E4E2A9D134600C0D35F /* KeyboardHandlingViewController.swift in Sources */ = {isa = PBXBuildFile; fileRef = B4E77E4D2A9D134600C0D35F /* KeyboardHandlingViewController.swift */; };
		B4E77E502A9F45D500C0D35F /* SceneDelegate.swift in Sources */ = {isa = PBXBuildFile; fileRef = B4E77E4F2A9F45D500C0D35F /* SceneDelegate.swift */; };
/* End PBXBuildFile section */

/* Begin PBXFileReference section */
		B4327A472A9B63A900555A2F /* TrackerTypeViewController.swift */ = {isa = PBXFileReference; fileEncoding = 4; lastKnownFileType = sourcecode.swift; path = TrackerTypeViewController.swift; sourceTree = "<group>"; };
		B4327A482A9B63A900555A2F /* TrackerScheduleViewController.swift */ = {isa = PBXFileReference; fileEncoding = 4; lastKnownFileType = sourcecode.swift; path = TrackerScheduleViewController.swift; sourceTree = "<group>"; };
		B4327A492A9B63AA00555A2F /* TrackerCreationViewController.swift */ = {isa = PBXFileReference; fileEncoding = 4; lastKnownFileType = sourcecode.swift; path = TrackerCreationViewController.swift; sourceTree = "<group>"; };
		B4327A4A2A9B63AA00555A2F /* TrackerCell.swift */ = {isa = PBXFileReference; fileEncoding = 4; lastKnownFileType = sourcecode.swift; path = TrackerCell.swift; sourceTree = "<group>"; };
		B4327A4B2A9B63AA00555A2F /* StatisticsViewController.swift */ = {isa = PBXFileReference; fileEncoding = 4; lastKnownFileType = sourcecode.swift; path = StatisticsViewController.swift; sourceTree = "<group>"; };
		B4327A4D2A9B63AA00555A2F /* TrackersViewController.swift */ = {isa = PBXFileReference; fileEncoding = 4; lastKnownFileType = sourcecode.swift; path = TrackersViewController.swift; sourceTree = "<group>"; };
		B4327A552A9B63BB00555A2F /* LaunchScreen.storyboard */ = {isa = PBXFileReference; fileEncoding = 4; lastKnownFileType = file.storyboard; path = LaunchScreen.storyboard; sourceTree = "<group>"; };
		B4327A572A9B63D700555A2F /* Colors.swift */ = {isa = PBXFileReference; fileEncoding = 4; lastKnownFileType = sourcecode.swift; path = Colors.swift; sourceTree = "<group>"; };
		B4327A582A9B63D700555A2F /* Date+Extensions.swift */ = {isa = PBXFileReference; fileEncoding = 4; lastKnownFileType = sourcecode.swift; path = "Date+Extensions.swift"; sourceTree = "<group>"; };
		B44744F12ABDAA7C00565408 /* OnboardingViewController.swift */ = {isa = PBXFileReference; lastKnownFileType = sourcecode.swift; path = OnboardingViewController.swift; sourceTree = "<group>"; };
		B44744F62ABDB42F00565408 /* ContentViewController.swift */ = {isa = PBXFileReference; lastKnownFileType = sourcecode.swift; path = ContentViewController.swift; sourceTree = "<group>"; };
		B44744F82AC070BE00565408 /* CategoryListViewController.swift */ = {isa = PBXFileReference; lastKnownFileType = sourcecode.swift; path = CategoryListViewController.swift; sourceTree = "<group>"; };
		B44744FA2AC070DF00565408 /* NewCategoryViewController.swift */ = {isa = PBXFileReference; lastKnownFileType = sourcecode.swift; path = NewCategoryViewController.swift; sourceTree = "<group>"; };
		B44745022AC0726800565408 /* CategoryListViewModel.swift */ = {isa = PBXFileReference; lastKnownFileType = sourcecode.swift; path = CategoryListViewModel.swift; sourceTree = "<group>"; };
		B44745042AC0727D00565408 /* NewCategoryListViewModel.swift */ = {isa = PBXFileReference; lastKnownFileType = sourcecode.swift; path = NewCategoryListViewModel.swift; sourceTree = "<group>"; };
		B4557B542AC36A3200C0D7D8 /* CoreDataManager.swift */ = {isa = PBXFileReference; lastKnownFileType = sourcecode.swift; path = CoreDataManager.swift; sourceTree = "<group>"; };
		B455A7A32AAB6375005F5347 /* Tracker.swift */ = {isa = PBXFileReference; lastKnownFileType = sourcecode.swift; path = Tracker.swift; sourceTree = "<group>"; };
		B45E29822AA09F3200156524 /* ItemsCollectionView.swift */ = {isa = PBXFileReference; lastKnownFileType = sourcecode.swift; path = ItemsCollectionView.swift; sourceTree = "<group>"; };
		B45E29862AA0AA6900156524 /* EmojiCell.swift */ = {isa = PBXFileReference; lastKnownFileType = sourcecode.swift; path = EmojiCell.swift; sourceTree = "<group>"; };
		B45E298A2AA0B91C00156524 /* ColorsCell.swift */ = {isa = PBXFileReference; lastKnownFileType = sourcecode.swift; path = ColorsCell.swift; sourceTree = "<group>"; };
		B46EC4572AB37A0D00533442 /* WeekDay .swift */ = {isa = PBXFileReference; lastKnownFileType = sourcecode.swift; path = "WeekDay .swift"; sourceTree = "<group>"; };
		B46EC45C2AB45FAF00533442 /* TrackerCoreData.xcdatamodel */ = {isa = PBXFileReference; lastKnownFileType = wrapper.xcdatamodel; path = TrackerCoreData.xcdatamodel; sourceTree = "<group>"; };
		B47A23D82AB59B9D00DF6388 /* Array + Extensions.swift */ = {isa = PBXFileReference; lastKnownFileType = sourcecode.swift; path = "Array + Extensions.swift"; sourceTree = "<group>"; };
		B4944FE72A0020D9000A648E /* Tracker.app */ = {isa = PBXFileReference; explicitFileType = wrapper.application; includeInIndex = 0; path = Tracker.app; sourceTree = BUILT_PRODUCTS_DIR; };
		B4944FEA2A0020D9000A648E /* AppDelegate.swift */ = {isa = PBXFileReference; lastKnownFileType = sourcecode.swift; path = AppDelegate.swift; sourceTree = "<group>"; };
		B4944FF12A0020D9000A648E /* Base */ = {isa = PBXFileReference; lastKnownFileType = file.storyboard; name = Base; path = Base.lproj/Main.storyboard; sourceTree = "<group>"; };
		B4944FF32A0020D9000A648E /* Assets.xcassets */ = {isa = PBXFileReference; lastKnownFileType = folder.assetcatalog; path = Assets.xcassets; sourceTree = "<group>"; };
		B4944FF82A0020D9000A648E /* Info.plist */ = {isa = PBXFileReference; lastKnownFileType = text.plist.xml; path = Info.plist; sourceTree = "<group>"; };
		B4B945842AB304AC00D1BE4A /* String + Extensions.swift */ = {isa = PBXFileReference; lastKnownFileType = sourcecode.swift; path = "String + Extensions.swift"; sourceTree = "<group>"; };
		B4D992D22AB1B75F00B6CE57 /* UIColorMarshalling.swift */ = {isa = PBXFileReference; lastKnownFileType = sourcecode.swift; path = UIColorMarshalling.swift; sourceTree = "<group>"; };
		B4D992D72AB1D82F00B6CE57 /* TrackerCategory.swift */ = {isa = PBXFileReference; lastKnownFileType = sourcecode.swift; path = TrackerCategory.swift; sourceTree = "<group>"; };
		B4D992D92AB1D87000B6CE57 /* TrackerRecord.swift */ = {isa = PBXFileReference; lastKnownFileType = sourcecode.swift; path = TrackerRecord.swift; sourceTree = "<group>"; };
		B4DF7F6B2AA7173D001F9D9E /* TrackerStore.swift */ = {isa = PBXFileReference; lastKnownFileType = sourcecode.swift; path = TrackerStore.swift; sourceTree = "<group>"; };
		B4DF7F6D2AA71783001F9D9E /* TrackerCategoryStore.swift */ = {isa = PBXFileReference; lastKnownFileType = sourcecode.swift; path = TrackerCategoryStore.swift; sourceTree = "<group>"; };
		B4DF7F6F2AA717BE001F9D9E /* TrackerRecordStore.swift */ = {isa = PBXFileReference; lastKnownFileType = sourcecode.swift; path = TrackerRecordStore.swift; sourceTree = "<group>"; };
		B4E77E4B2A9D068300C0D35F /* TabBarViewController .swift */ = {isa = PBXFileReference; lastKnownFileType = sourcecode.swift; path = "TabBarViewController .swift"; sourceTree = "<group>"; };
		B4E77E4D2A9D134600C0D35F /* KeyboardHandlingViewController.swift */ = {isa = PBXFileReference; lastKnownFileType = sourcecode.swift; path = KeyboardHandlingViewController.swift; sourceTree = "<group>"; };
		B4E77E4F2A9F45D500C0D35F /* SceneDelegate.swift */ = {isa = PBXFileReference; fileEncoding = 4; lastKnownFileType = sourcecode.swift; path = SceneDelegate.swift; sourceTree = "<group>"; };
/* End PBXFileReference section */

/* Begin PBXFrameworksBuildPhase section */
		B4944FE42A0020D9000A648E /* Frameworks */ = {
			isa = PBXFrameworksBuildPhase;
			buildActionMask = 2147483647;
			files = (
			);
			runOnlyForDeploymentPostprocessing = 0;
		};
/* End PBXFrameworksBuildPhase section */

/* Begin PBXGroup section */
		B44744F32ABDAA8A00565408 /* OnboardingViewController */ = {
			isa = PBXGroup;
			children = (
				B44744F12ABDAA7C00565408 /* OnboardingViewController.swift */,
				B44744F62ABDB42F00565408 /* ContentViewController.swift */,
			);
			path = OnboardingViewController;
			sourceTree = "<group>";
		};
		B44744FD2AC0712800565408 /* ViewControllers */ = {
			isa = PBXGroup;
			children = (
				B44744F82AC070BE00565408 /* CategoryListViewController.swift */,
				B44744FA2AC070DF00565408 /* NewCategoryViewController.swift */,
			);
			path = ViewControllers;
			sourceTree = "<group>";
		};
		B44744FE2AC071ED00565408 /* Category */ = {
			isa = PBXGroup;
			children = (
				B44745002AC0721D00565408 /* ViewModel */,
				B44744FD2AC0712800565408 /* ViewControllers */,
			);
			path = Category;
			sourceTree = "<group>";
		};
		B44745002AC0721D00565408 /* ViewModel */ = {
			isa = PBXGroup;
			children = (
				B44745022AC0726800565408 /* CategoryListViewModel.swift */,
				B44745042AC0727D00565408 /* NewCategoryListViewModel.swift */,
			);
			path = ViewModel;
			sourceTree = "<group>";
		};
		B455A7952AAB5806005F5347 /* DataStore */ = {
			isa = PBXGroup;
			children = (
				B455A7962AAB5871005F5347 /* TrackerDataModel */,
				B4557B542AC36A3200C0D7D8 /* CoreDataManager.swift */,
				B4DF7F6B2AA7173D001F9D9E /* TrackerStore.swift */,
				B4DF7F6D2AA71783001F9D9E /* TrackerCategoryStore.swift */,
				B4DF7F6F2AA717BE001F9D9E /* TrackerRecordStore.swift */,
				B4D992D22AB1B75F00B6CE57 /* UIColorMarshalling.swift */,
			);
			path = DataStore;
			sourceTree = "<group>";
		};
		B455A7962AAB5871005F5347 /* TrackerDataModel */ = {
			isa = PBXGroup;
			children = (
				B46EC45B2AB45FAF00533442 /* TrackerCoreData.xcdatamodeld */,
			);
			path = TrackerDataModel;
			sourceTree = "<group>";
		};
		B455A7A52AAB63DF005F5347 /* Model */ = {
			isa = PBXGroup;
			children = (
				B455A7A32AAB6375005F5347 /* Tracker.swift */,
				B4D992D72AB1D82F00B6CE57 /* TrackerCategory.swift */,
				B4D992D92AB1D87000B6CE57 /* TrackerRecord.swift */,
				B46EC4572AB37A0D00533442 /* WeekDay .swift */,
			);
			path = Model;
			sourceTree = "<group>";
		};
		B45E298E2AA0BA1400156524 /* TrackerCreationViewController */ = {
			isa = PBXGroup;
			children = (
				B4327A492A9B63AA00555A2F /* TrackerCreationViewController.swift */,
				B45E29822AA09F3200156524 /* ItemsCollectionView.swift */,
				B45E29862AA0AA6900156524 /* EmojiCell.swift */,
				B45E298A2AA0B91C00156524 /* ColorsCell.swift */,
			);
			path = TrackerCreationViewController;
			sourceTree = "<group>";
		};
		B4944FDE2A0020D9000A648E = {
			isa = PBXGroup;
			children = (
				B4944FE92A0020D9000A648E /* Tracker */,
				B4944FE82A0020D9000A648E /* Products */,
			);
			sourceTree = "<group>";
		};
		B4944FE82A0020D9000A648E /* Products */ = {
			isa = PBXGroup;
			children = (
				B4944FE72A0020D9000A648E /* Tracker.app */,
			);
			name = Products;
			sourceTree = "<group>";
		};
		B4944FE92A0020D9000A648E /* Tracker */ = {
			isa = PBXGroup;
			children = (
				B4944FEA2A0020D9000A648E /* AppDelegate.swift */,
				B4E77E4F2A9F45D500C0D35F /* SceneDelegate.swift */,
				B4D992D52AB1D7B600B6CE57 /* UI */,
				B455A7952AAB5806005F5347 /* DataStore */,
				B4DF7F792AAA0D02001F9D9E /* Supporting Files */,
				B4D992D42AB1D6F300B6CE57 /* Helper */,
				B4944FF82A0020D9000A648E /* Info.plist */,
			);
			path = Tracker;
			sourceTree = "<group>";
		};
		B4D992D42AB1D6F300B6CE57 /* Helper */ = {
			isa = PBXGroup;
			children = (
				B4327A572A9B63D700555A2F /* Colors.swift */,
				B4E77E4D2A9D134600C0D35F /* KeyboardHandlingViewController.swift */,
				B4B945842AB304AC00D1BE4A /* String + Extensions.swift */,
				B47A23D82AB59B9D00DF6388 /* Array + Extensions.swift */,
				B4327A582A9B63D700555A2F /* Date+Extensions.swift */,
			);
			path = Helper;
			sourceTree = "<group>";
		};
		B4D992D52AB1D7B600B6CE57 /* UI */ = {
			isa = PBXGroup;
			children = (
				B455A7A52AAB63DF005F5347 /* Model */,
				B44744F32ABDAA8A00565408 /* OnboardingViewController */,
				B4D992D62AB1D7E000B6CE57 /* TrackersViewController */,
				B45E298E2AA0BA1400156524 /* TrackerCreationViewController */,
				B44744FE2AC071ED00565408 /* Category */,
				B4327A472A9B63A900555A2F /* TrackerTypeViewController.swift */,
				B4327A482A9B63A900555A2F /* TrackerScheduleViewController.swift */,
				B4E77E4B2A9D068300C0D35F /* TabBarViewController .swift */,
				B4327A4B2A9B63AA00555A2F /* StatisticsViewController.swift */,
			);
			path = UI;
			sourceTree = "<group>";
		};
		B4D992D62AB1D7E000B6CE57 /* TrackersViewController */ = {
			isa = PBXGroup;
			children = (
				B4327A4D2A9B63AA00555A2F /* TrackersViewController.swift */,
				B4327A4A2A9B63AA00555A2F /* TrackerCell.swift */,
			);
			path = TrackersViewController;
			sourceTree = "<group>";
		};
		B4DF7F792AAA0D02001F9D9E /* Supporting Files */ = {
			isa = PBXGroup;
			children = (
				B4327A552A9B63BB00555A2F /* LaunchScreen.storyboard */,
				B4944FF02A0020D9000A648E /* Main.storyboard */,
				B4944FF32A0020D9000A648E /* Assets.xcassets */,
			);
			path = "Supporting Files";
			sourceTree = "<group>";
		};
/* End PBXGroup section */

/* Begin PBXNativeTarget section */
		B4944FE62A0020D9000A648E /* Tracker */ = {
			isa = PBXNativeTarget;
			buildConfigurationList = B4944FFB2A0020D9000A648E /* Build configuration list for PBXNativeTarget "Tracker" */;
			buildPhases = (
				B4944FE32A0020D9000A648E /* Sources */,
				B4944FE42A0020D9000A648E /* Frameworks */,
				B4944FE52A0020D9000A648E /* Resources */,
			);
			buildRules = (
			);
			dependencies = (
			);
			name = Tracker;
			productName = Tracker;
			productReference = B4944FE72A0020D9000A648E /* Tracker.app */;
			productType = "com.apple.product-type.application";
		};
/* End PBXNativeTarget section */

/* Begin PBXProject section */
		B4944FDF2A0020D9000A648E /* Project object */ = {
			isa = PBXProject;
			attributes = {
				BuildIndependentTargetsInParallel = 1;
				LastSwiftUpdateCheck = 1420;
				LastUpgradeCheck = 1420;
				TargetAttributes = {
					B4944FE62A0020D9000A648E = {
						CreatedOnToolsVersion = 14.2;
					};
				};
			};
			buildConfigurationList = B4944FE22A0020D9000A648E /* Build configuration list for PBXProject "Tracker" */;
			compatibilityVersion = "Xcode 14.0";
			developmentRegion = en;
			hasScannedForEncodings = 0;
			knownRegions = (
				en,
				Base,
			);
			mainGroup = B4944FDE2A0020D9000A648E;
			productRefGroup = B4944FE82A0020D9000A648E /* Products */;
			projectDirPath = "";
			projectRoot = "";
			targets = (
				B4944FE62A0020D9000A648E /* Tracker */,
			);
		};
/* End PBXProject section */

/* Begin PBXResourcesBuildPhase section */
		B4944FE52A0020D9000A648E /* Resources */ = {
			isa = PBXResourcesBuildPhase;
			buildActionMask = 2147483647;
			files = (
				B4327A562A9B63BB00555A2F /* LaunchScreen.storyboard in Resources */,
				B4944FF42A0020D9000A648E /* Assets.xcassets in Resources */,
				B4944FF22A0020D9000A648E /* Main.storyboard in Resources */,
			);
			runOnlyForDeploymentPostprocessing = 0;
		};
/* End PBXResourcesBuildPhase section */

/* Begin PBXSourcesBuildPhase section */
		B4944FE32A0020D9000A648E /* Sources */ = {
			isa = PBXSourcesBuildPhase;
			buildActionMask = 2147483647;
			files = (
				B4327A592A9B63D700555A2F /* Colors.swift in Sources */,
				B4DF7F702AA717BE001F9D9E /* TrackerRecordStore.swift in Sources */,
				B44744F72ABDB42F00565408 /* ContentViewController.swift in Sources */,
				B4944FEB2A0020D9000A648E /* AppDelegate.swift in Sources */,
				B46EC45D2AB45FAF00533442 /* TrackerCoreData.xcdatamodeld in Sources */,
				B4327A522A9B63AA00555A2F /* StatisticsViewController.swift in Sources */,
				B4D992DA2AB1D87000B6CE57 /* TrackerRecord.swift in Sources */,
				B44744FB2AC070DF00565408 /* NewCategoryViewController.swift in Sources */,
				B45E29832AA09F3200156524 /* ItemsCollectionView.swift in Sources */,
				B44745052AC0727D00565408 /* NewCategoryListViewModel.swift in Sources */,
				B4327A5A2A9B63D700555A2F /* Date+Extensions.swift in Sources */,
				B4327A512A9B63AA00555A2F /* TrackerCell.swift in Sources */,
				B4327A4F2A9B63AA00555A2F /* TrackerScheduleViewController.swift in Sources */,
				B44745032AC0726800565408 /* CategoryListViewModel.swift in Sources */,
				B4D992D32AB1B75F00B6CE57 /* UIColorMarshalling.swift in Sources */,
				B4D992D82AB1D82F00B6CE57 /* TrackerCategory.swift in Sources */,
				B4E77E4C2A9D068300C0D35F /* TabBarViewController .swift in Sources */,
				B45E29872AA0AA6900156524 /* EmojiCell.swift in Sources */,
				B4B945852AB304AC00D1BE4A /* String + Extensions.swift in Sources */,
				B47A23D92AB59B9D00DF6388 /* Array + Extensions.swift in Sources */,
				B44744F22ABDAA7C00565408 /* OnboardingViewController.swift in Sources */,
				B4557B552AC36A3200C0D7D8 /* CoreDataManager.swift in Sources */,
				B4E77E4E2A9D134600C0D35F /* KeyboardHandlingViewController.swift in Sources */,
				B455A7A42AAB6375005F5347 /* Tracker.swift in Sources */,
				B44744F92AC070BE00565408 /* CategoryListViewController.swift in Sources */,
				B4327A542A9B63AA00555A2F /* TrackersViewController.swift in Sources */,
				B4327A502A9B63AA00555A2F /* TrackerCreationViewController.swift in Sources */,
				B4327A4E2A9B63AA00555A2F /* TrackerTypeViewController.swift in Sources */,
				B4DF7F6E2AA71783001F9D9E /* TrackerCategoryStore.swift in Sources */,
				B45E298B2AA0B91C00156524 /* ColorsCell.swift in Sources */,
				B46EC4582AB37A0D00533442 /* WeekDay .swift in Sources */,
				B4E77E502A9F45D500C0D35F /* SceneDelegate.swift in Sources */,
				B4DF7F6C2AA7173D001F9D9E /* TrackerStore.swift in Sources */,
			);
			runOnlyForDeploymentPostprocessing = 0;
		};
/* End PBXSourcesBuildPhase section */

/* Begin PBXVariantGroup section */
		B4944FF02A0020D9000A648E /* Main.storyboard */ = {
			isa = PBXVariantGroup;
			children = (
				B4944FF12A0020D9000A648E /* Base */,
			);
			name = Main.storyboard;
			sourceTree = "<group>";
		};
/* End PBXVariantGroup section */

/* Begin XCBuildConfiguration section */
		B4944FF92A0020D9000A648E /* Debug */ = {
			isa = XCBuildConfiguration;
			buildSettings = {
				ALWAYS_SEARCH_USER_PATHS = NO;
				CLANG_ANALYZER_NONNULL = YES;
				CLANG_ANALYZER_NUMBER_OBJECT_CONVERSION = YES_AGGRESSIVE;
				CLANG_CXX_LANGUAGE_STANDARD = "gnu++20";
				CLANG_ENABLE_MODULES = YES;
				CLANG_ENABLE_OBJC_ARC = YES;
				CLANG_ENABLE_OBJC_WEAK = YES;
				CLANG_WARN_BLOCK_CAPTURE_AUTORELEASING = YES;
				CLANG_WARN_BOOL_CONVERSION = YES;
				CLANG_WARN_COMMA = YES;
				CLANG_WARN_CONSTANT_CONVERSION = YES;
				CLANG_WARN_DEPRECATED_OBJC_IMPLEMENTATIONS = YES;
				CLANG_WARN_DIRECT_OBJC_ISA_USAGE = YES_ERROR;
				CLANG_WARN_DOCUMENTATION_COMMENTS = YES;
				CLANG_WARN_EMPTY_BODY = YES;
				CLANG_WARN_ENUM_CONVERSION = YES;
				CLANG_WARN_INFINITE_RECURSION = YES;
				CLANG_WARN_INT_CONVERSION = YES;
				CLANG_WARN_NON_LITERAL_NULL_CONVERSION = YES;
				CLANG_WARN_OBJC_IMPLICIT_RETAIN_SELF = YES;
				CLANG_WARN_OBJC_LITERAL_CONVERSION = YES;
				CLANG_WARN_OBJC_ROOT_CLASS = YES_ERROR;
				CLANG_WARN_QUOTED_INCLUDE_IN_FRAMEWORK_HEADER = YES;
				CLANG_WARN_RANGE_LOOP_ANALYSIS = YES;
				CLANG_WARN_STRICT_PROTOTYPES = YES;
				CLANG_WARN_SUSPICIOUS_MOVE = YES;
				CLANG_WARN_UNGUARDED_AVAILABILITY = YES_AGGRESSIVE;
				CLANG_WARN_UNREACHABLE_CODE = YES;
				CLANG_WARN__DUPLICATE_METHOD_MATCH = YES;
				COPY_PHASE_STRIP = NO;
				DEBUG_INFORMATION_FORMAT = dwarf;
				ENABLE_STRICT_OBJC_MSGSEND = YES;
				ENABLE_TESTABILITY = YES;
				GCC_C_LANGUAGE_STANDARD = gnu11;
				GCC_DYNAMIC_NO_PIC = NO;
				GCC_NO_COMMON_BLOCKS = YES;
				GCC_OPTIMIZATION_LEVEL = 0;
				GCC_PREPROCESSOR_DEFINITIONS = (
					"DEBUG=1",
					"$(inherited)",
				);
				GCC_WARN_64_TO_32_BIT_CONVERSION = YES;
				GCC_WARN_ABOUT_RETURN_TYPE = YES_ERROR;
				GCC_WARN_UNDECLARED_SELECTOR = YES;
				GCC_WARN_UNINITIALIZED_AUTOS = YES_AGGRESSIVE;
				GCC_WARN_UNUSED_FUNCTION = YES;
				GCC_WARN_UNUSED_VARIABLE = YES;
				IPHONEOS_DEPLOYMENT_TARGET = 13.4;
				MTL_ENABLE_DEBUG_INFO = INCLUDE_SOURCE;
				MTL_FAST_MATH = YES;
				ONLY_ACTIVE_ARCH = YES;
				SDKROOT = iphoneos;
				SWIFT_ACTIVE_COMPILATION_CONDITIONS = DEBUG;
				SWIFT_OPTIMIZATION_LEVEL = "-Onone";
			};
			name = Debug;
		};
		B4944FFA2A0020D9000A648E /* Release */ = {
			isa = XCBuildConfiguration;
			buildSettings = {
				ALWAYS_SEARCH_USER_PATHS = NO;
				CLANG_ANALYZER_NONNULL = YES;
				CLANG_ANALYZER_NUMBER_OBJECT_CONVERSION = YES_AGGRESSIVE;
				CLANG_CXX_LANGUAGE_STANDARD = "gnu++20";
				CLANG_ENABLE_MODULES = YES;
				CLANG_ENABLE_OBJC_ARC = YES;
				CLANG_ENABLE_OBJC_WEAK = YES;
				CLANG_WARN_BLOCK_CAPTURE_AUTORELEASING = YES;
				CLANG_WARN_BOOL_CONVERSION = YES;
				CLANG_WARN_COMMA = YES;
				CLANG_WARN_CONSTANT_CONVERSION = YES;
				CLANG_WARN_DEPRECATED_OBJC_IMPLEMENTATIONS = YES;
				CLANG_WARN_DIRECT_OBJC_ISA_USAGE = YES_ERROR;
				CLANG_WARN_DOCUMENTATION_COMMENTS = YES;
				CLANG_WARN_EMPTY_BODY = YES;
				CLANG_WARN_ENUM_CONVERSION = YES;
				CLANG_WARN_INFINITE_RECURSION = YES;
				CLANG_WARN_INT_CONVERSION = YES;
				CLANG_WARN_NON_LITERAL_NULL_CONVERSION = YES;
				CLANG_WARN_OBJC_IMPLICIT_RETAIN_SELF = YES;
				CLANG_WARN_OBJC_LITERAL_CONVERSION = YES;
				CLANG_WARN_OBJC_ROOT_CLASS = YES_ERROR;
				CLANG_WARN_QUOTED_INCLUDE_IN_FRAMEWORK_HEADER = YES;
				CLANG_WARN_RANGE_LOOP_ANALYSIS = YES;
				CLANG_WARN_STRICT_PROTOTYPES = YES;
				CLANG_WARN_SUSPICIOUS_MOVE = YES;
				CLANG_WARN_UNGUARDED_AVAILABILITY = YES_AGGRESSIVE;
				CLANG_WARN_UNREACHABLE_CODE = YES;
				CLANG_WARN__DUPLICATE_METHOD_MATCH = YES;
				COPY_PHASE_STRIP = NO;
				DEBUG_INFORMATION_FORMAT = "dwarf-with-dsym";
				ENABLE_NS_ASSERTIONS = NO;
				ENABLE_STRICT_OBJC_MSGSEND = YES;
				GCC_C_LANGUAGE_STANDARD = gnu11;
				GCC_NO_COMMON_BLOCKS = YES;
				GCC_WARN_64_TO_32_BIT_CONVERSION = YES;
				GCC_WARN_ABOUT_RETURN_TYPE = YES_ERROR;
				GCC_WARN_UNDECLARED_SELECTOR = YES;
				GCC_WARN_UNINITIALIZED_AUTOS = YES_AGGRESSIVE;
				GCC_WARN_UNUSED_FUNCTION = YES;
				GCC_WARN_UNUSED_VARIABLE = YES;
				IPHONEOS_DEPLOYMENT_TARGET = 13.4;
				MTL_ENABLE_DEBUG_INFO = NO;
				MTL_FAST_MATH = YES;
				SDKROOT = iphoneos;
				SWIFT_COMPILATION_MODE = wholemodule;
				SWIFT_OPTIMIZATION_LEVEL = "-O";
				VALIDATE_PRODUCT = YES;
			};
			name = Release;
		};
		B4944FFC2A0020D9000A648E /* Debug */ = {
			isa = XCBuildConfiguration;
			buildSettings = {
				ASSETCATALOG_COMPILER_APPICON_NAME = AppIcon;
				ASSETCATALOG_COMPILER_GLOBAL_ACCENT_COLOR_NAME = AccentColor;
				CODE_SIGN_STYLE = Automatic;
				CURRENT_PROJECT_VERSION = 1;
				DEVELOPMENT_TEAM = 8NG4R6TNYK;
				GENERATE_INFOPLIST_FILE = YES;
				INFOPLIST_FILE = Tracker/Info.plist;
				INFOPLIST_KEY_UIApplicationSupportsIndirectInputEvents = YES;
				INFOPLIST_KEY_UILaunchStoryboardName = LaunchScreen;
				INFOPLIST_KEY_UIMainStoryboardFile = Main;
				INFOPLIST_KEY_UISupportedInterfaceOrientations_iPad = "UIInterfaceOrientationPortrait UIInterfaceOrientationPortraitUpsideDown UIInterfaceOrientationLandscapeLeft UIInterfaceOrientationLandscapeRight";
				INFOPLIST_KEY_UISupportedInterfaceOrientations_iPhone = "UIInterfaceOrientationPortrait UIInterfaceOrientationLandscapeLeft UIInterfaceOrientationLandscapeRight";
				LD_RUNPATH_SEARCH_PATHS = (
					"$(inherited)",
					"@executable_path/Frameworks",
				);
				MARKETING_VERSION = 1.0;
				PRODUCT_BUNDLE_IDENTIFIER = "ru.praktikum.Image-Feed.Tracker";
				PRODUCT_NAME = "$(TARGET_NAME)";
				SWIFT_EMIT_LOC_STRINGS = YES;
				SWIFT_VERSION = 5.0;
				TARGETED_DEVICE_FAMILY = "1,2";
			};
			name = Debug;
		};
		B4944FFD2A0020D9000A648E /* Release */ = {
			isa = XCBuildConfiguration;
			buildSettings = {
				ASSETCATALOG_COMPILER_APPICON_NAME = AppIcon;
				ASSETCATALOG_COMPILER_GLOBAL_ACCENT_COLOR_NAME = AccentColor;
				CODE_SIGN_STYLE = Automatic;
				CURRENT_PROJECT_VERSION = 1;
				DEVELOPMENT_TEAM = 8NG4R6TNYK;
				GENERATE_INFOPLIST_FILE = YES;
				INFOPLIST_FILE = Tracker/Info.plist;
				INFOPLIST_KEY_UIApplicationSupportsIndirectInputEvents = YES;
				INFOPLIST_KEY_UILaunchStoryboardName = LaunchScreen;
				INFOPLIST_KEY_UIMainStoryboardFile = Main;
				INFOPLIST_KEY_UISupportedInterfaceOrientations_iPad = "UIInterfaceOrientationPortrait UIInterfaceOrientationPortraitUpsideDown UIInterfaceOrientationLandscapeLeft UIInterfaceOrientationLandscapeRight";
				INFOPLIST_KEY_UISupportedInterfaceOrientations_iPhone = "UIInterfaceOrientationPortrait UIInterfaceOrientationLandscapeLeft UIInterfaceOrientationLandscapeRight";
				LD_RUNPATH_SEARCH_PATHS = (
					"$(inherited)",
					"@executable_path/Frameworks",
				);
				MARKETING_VERSION = 1.0;
				PRODUCT_BUNDLE_IDENTIFIER = "ru.praktikum.Image-Feed.Tracker";
				PRODUCT_NAME = "$(TARGET_NAME)";
				SWIFT_EMIT_LOC_STRINGS = YES;
				SWIFT_VERSION = 5.0;
				TARGETED_DEVICE_FAMILY = "1,2";
			};
			name = Release;
		};
/* End XCBuildConfiguration section */

/* Begin XCConfigurationList section */
		B4944FE22A0020D9000A648E /* Build configuration list for PBXProject "Tracker" */ = {
			isa = XCConfigurationList;
			buildConfigurations = (
				B4944FF92A0020D9000A648E /* Debug */,
				B4944FFA2A0020D9000A648E /* Release */,
			);
			defaultConfigurationIsVisible = 0;
			defaultConfigurationName = Release;
		};
		B4944FFB2A0020D9000A648E /* Build configuration list for PBXNativeTarget "Tracker" */ = {
			isa = XCConfigurationList;
			buildConfigurations = (
				B4944FFC2A0020D9000A648E /* Debug */,
				B4944FFD2A0020D9000A648E /* Release */,
			);
			defaultConfigurationIsVisible = 0;
			defaultConfigurationName = Release;
		};
/* End XCConfigurationList section */

/* Begin XCVersionGroup section */
		B46EC45B2AB45FAF00533442 /* TrackerCoreData.xcdatamodeld */ = {
			isa = XCVersionGroup;
			children = (
				B46EC45C2AB45FAF00533442 /* TrackerCoreData.xcdatamodel */,
			);
			currentVersion = B46EC45C2AB45FAF00533442 /* TrackerCoreData.xcdatamodel */;
			path = TrackerCoreData.xcdatamodeld;
			sourceTree = "<group>";
			versionGroupType = wrapper.xcdatamodel;
		};
/* End XCVersionGroup section */
	};
	rootObject = B4944FDF2A0020D9000A648E /* Project object */;
}
